
Microsoft Visual Studio Solution File, Format Version 12.00
# Visual Studio Version 17
VisualStudioVersion = 17.1.32421.90
MinimumVisualStudioVersion = 10.0.40219.1
Project("{8BC9CEB8-8B4A-11D0-8D11-00A0C91BC942}") = "s5p2v3", "s5p2v3\s5p2v3.vcxproj", "{2D4EFB0E-7454-4E7B-B742-C33C75EF1542}"
EndProject
Global
	GlobalSection(SolutionConfigurationPlatforms) = preSolution
		Debug|x64 = Debug|x64
		Debug|x86 = Debug|x86
		Release|x64 = Release|x64
		Release|x86 = Release|x86
	EndGlobalSection
	GlobalSection(ProjectConfigurationPlatforms) = postSolution
		{2D4EFB0E-7454-4E7B-B742-C33C75EF1542}.Debug|x64.ActiveCfg = Debug|x64
		{2D4EFB0E-7454-4E7B-B742-C33C75EF1542}.Debug|x64.Build.0 = Debug|x64
		{2D4EFB0E-7454-4E7B-B742-C33C75EF1542}.Debug|x86.ActiveCfg = Debug|Win32
		{2D4EFB0E-7454-4E7B-B742-C33C75EF1542}.Debug|x86.Build.0 = Debug|Win32
		{2D4EFB0E-7454-4E7B-B742-C33C75EF1542}.Release|x64.ActiveCfg = Release|x64
		{2D4EFB0E-7454-4E7B-B742-C33C75EF1542}.Release|x64.Build.0 = Release|x64
		{2D4EFB0E-7454-4E7B-B742-C33C75EF1542}.Release|x86.ActiveCfg = Release|Win32
		{2D4EFB0E-7454-4E7B-B742-C33C75EF1542}.Release|x86.Build.0 = Release|Win32
	EndGlobalSection
	GlobalSection(SolutionProperties) = preSolution
		HideSolutionNode = FALSE
	EndGlobalSection
	GlobalSection(ExtensibilityGlobals) = postSolution
		SolutionGuid = {9934B235-0399-49F6-A40D-F7415FD3F5C7}
	EndGlobalSection
EndGlobal
